
Microsoft Visual Studio Solution File, Format Version 12.00
# Visual Studio Version 16
VisualStudioVersion = 16.0.30011.22
MinimumVisualStudioVersion = 10.0.40219.1
Project("{FAE04EC0-301F-11D3-BF4B-00C04F79EFBC}") = "EternalModManager", "EternalModManager\EternalModManager.csproj", "{B30243BC-871A-4D24-B462-7E0205D85384}"
EndProject
Global
	GlobalSection(SolutionConfigurationPlatforms) = preSolution
		Debug|Any CPU = Debug|Any CPU
		Debug|x64 = Debug|x64
		Release|Any CPU = Release|Any CPU
		Release|x64 = Release|x64
	EndGlobalSection
	GlobalSection(ProjectConfigurationPlatforms) = postSolution
		{B30243BC-871A-4D24-B462-7E0205D85384}.Debug|Any CPU.ActiveCfg = Debug|Any CPU
		{B30243BC-871A-4D24-B462-7E0205D85384}.Debug|Any CPU.Build.0 = Debug|Any CPU
		{B30243BC-871A-4D24-B462-7E0205D85384}.Debug|x64.ActiveCfg = Debug|x64
		{B30243BC-871A-4D24-B462-7E0205D85384}.Debug|x64.Build.0 = Debug|x64
		{B30243BC-871A-4D24-B462-7E0205D85384}.Release|Any CPU.ActiveCfg = Release|Any CPU
		{B30243BC-871A-4D24-B462-7E0205D85384}.Release|Any CPU.Build.0 = Release|Any CPU
		{B30243BC-871A-4D24-B462-7E0205D85384}.Release|x64.ActiveCfg = Release|x64
		{B30243BC-871A-4D24-B462-7E0205D85384}.Release|x64.Build.0 = Release|x64
	EndGlobalSection
	GlobalSection(SolutionProperties) = preSolution
		HideSolutionNode = FALSE
	EndGlobalSection
	GlobalSection(ExtensibilityGlobals) = postSolution
		SolutionGuid = {E2BB70B1-F041-4ED2-8207-4076B3E0D8F8}
	EndGlobalSection
EndGlobal
